# This file is automatically @generated by Cargo.
# It is not intended for manual editing.
[[package]]
name = "ksymsgen"
version = "0.1.0"
dependencies = [
 "rustc-demangle",
]

[[package]]
name = "rustc-demangle"
version = "0.1.18"
source = "registry+https://github.com/rust-lang/crates.io-index"
checksum = "6e3bad0ee36814ca07d7968269dd4b7ec89ec2da10c4bb613928d3077083c232"
